
Microsoft Visual Studio Solution File, Format Version 12.00
# Visual Studio Version 17
VisualStudioVersion = 17.4.33403.182
MinimumVisualStudioVersion = 10.0.40219.1
Project("{9A19103F-16F7-4668-BE54-9A1E7A4F7556}") = "RfidReader", "RfidReader.csproj", "{6EC8229E-C497-4490-95CB-BFCE0775CF0F}"
EndProject
Project("{FAE04EC0-301F-11D3-BF4B-00C04F79EFBC}") = "CS_RFID3_Host_Sample2x", "..\..\..\..\RPC\02-06-2020\CS_RFID3_Host_Sample2\CS_RFID3_Host_Sample2x.csproj", "{9E3E8333-7864-4947-9C9A-24AD5051E299}"
EndProject
Global
	GlobalSection(SolutionConfigurationPlatforms) = preSolution
		Debug|Any CPU = Debug|Any CPU
		Debug|x86 = Debug|x86
		Release|Any CPU = Release|Any CPU
		Release|x86 = Release|x86
	EndGlobalSection
	GlobalSection(ProjectConfigurationPlatforms) = postSolution
		{6EC8229E-C497-4490-95CB-BFCE0775CF0F}.Debug|Any CPU.ActiveCfg = Debug|Any CPU
		{6EC8229E-C497-4490-95CB-BFCE0775CF0F}.Debug|Any CPU.Build.0 = Debug|Any CPU
		{6EC8229E-C497-4490-95CB-BFCE0775CF0F}.Debug|x86.ActiveCfg = Debug|Any CPU
		{6EC8229E-C497-4490-95CB-BFCE0775CF0F}.Debug|x86.Build.0 = Debug|Any CPU
		{6EC8229E-C497-4490-95CB-BFCE0775CF0F}.Release|Any CPU.ActiveCfg = Release|Any CPU
		{6EC8229E-C497-4490-95CB-BFCE0775CF0F}.Release|Any CPU.Build.0 = Release|Any CPU
		{6EC8229E-C497-4490-95CB-BFCE0775CF0F}.Release|x86.ActiveCfg = Release|Any CPU
		{6EC8229E-C497-4490-95CB-BFCE0775CF0F}.Release|x86.Build.0 = Release|Any CPU
		{9E3E8333-7864-4947-9C9A-24AD5051E299}.Debug|Any CPU.ActiveCfg = Debug|Any CPU
		{9E3E8333-7864-4947-9C9A-24AD5051E299}.Debug|Any CPU.Build.0 = Debug|Any CPU
		{9E3E8333-7864-4947-9C9A-24AD5051E299}.Debug|x86.ActiveCfg = Debug|Any CPU
		{9E3E8333-7864-4947-9C9A-24AD5051E299}.Debug|x86.Build.0 = Debug|Any CPU
		{9E3E8333-7864-4947-9C9A-24AD5051E299}.Release|Any CPU.ActiveCfg = Release|Any CPU
		{9E3E8333-7864-4947-9C9A-24AD5051E299}.Release|Any CPU.Build.0 = Release|Any CPU
		{9E3E8333-7864-4947-9C9A-24AD5051E299}.Release|x86.ActiveCfg = Release|Any CPU
		{9E3E8333-7864-4947-9C9A-24AD5051E299}.Release|x86.Build.0 = Release|Any CPU
	EndGlobalSection
	GlobalSection(SolutionProperties) = preSolution
		HideSolutionNode = FALSE
	EndGlobalSection
	GlobalSection(ExtensibilityGlobals) = postSolution
		SolutionGuid = {0347772C-100A-4FF9-ADFC-5436182ED331}
	EndGlobalSection
EndGlobal
